
Microsoft Visual Studio Solution File, Format Version 12.00
# Visual Studio Version 16
VisualStudioVersion = 16.0.29920.165
MinimumVisualStudioVersion = 10.0.40219.1
Project("{FAE04EC0-301F-11D3-BF4B-00C04F79EFBC}") = "DiplomnaRabotaReal", "DiplomnaRabotaReal\DiplomnaRabotaReal.csproj", "{62A63F2F-FB24-4919-912A-D3B836CD2C41}"
EndProject
Global
	GlobalSection(SolutionConfigurationPlatforms) = preSolution
		Debug|Any CPU = Debug|Any CPU
		Release|Any CPU = Release|Any CPU
	EndGlobalSection
	GlobalSection(ProjectConfigurationPlatforms) = postSolution
		{62A63F2F-FB24-4919-912A-D3B836CD2C41}.Debug|Any CPU.ActiveCfg = Debug|Any CPU
		{62A63F2F-FB24-4919-912A-D3B836CD2C41}.Debug|Any CPU.Build.0 = Debug|Any CPU
		{62A63F2F-FB24-4919-912A-D3B836CD2C41}.Release|Any CPU.ActiveCfg = Release|Any CPU
		{62A63F2F-FB24-4919-912A-D3B836CD2C41}.Release|Any CPU.Build.0 = Release|Any CPU
	EndGlobalSection
	GlobalSection(SolutionProperties) = preSolution
		HideSolutionNode = FALSE
	EndGlobalSection
	GlobalSection(ExtensibilityGlobals) = postSolution
		SolutionGuid = {5B2C8742-D3EA-4D19-990A-5EA645789762}
	EndGlobalSection
EndGlobal
